
Microsoft Visual Studio Solution File, Format Version 12.00
# Visual Studio Version 17
VisualStudioVersion = 17.9.34622.214
MinimumVisualStudioVersion = 10.0.40219.1
Project("{FAE04EC0-301F-11D3-BF4B-00C04F79EFBC}") = "module-13.6.2", "module-13.6.2\module-13.6.2.csproj", "{0EC0A26F-FE3C-40A7-AA0E-9C0681DB91CA}"
EndProject
Project("{FAE04EC0-301F-11D3-BF4B-00C04F79EFBC}") = "module-13.6.1-1", "module-13.6.1-1\module-13.6.1-1.csproj", "{AE12D0E9-F8FC-498F-9087-D62C5CF84845}"
EndProject
Project("{FAE04EC0-301F-11D3-BF4B-00C04F79EFBC}") = "module-13.6.1-2", "module-13.6.1-2\module-13.6.1-2.csproj", "{0FAF49C4-1248-4D60-809B-DFE73C6E224E}"
EndProject
Global
	GlobalSection(SolutionConfigurationPlatforms) = preSolution
		Debug|Any CPU = Debug|Any CPU
		Release|Any CPU = Release|Any CPU
	EndGlobalSection
	GlobalSection(ProjectConfigurationPlatforms) = postSolution
		{0EC0A26F-FE3C-40A7-AA0E-9C0681DB91CA}.Debug|Any CPU.ActiveCfg = Debug|Any CPU
		{0EC0A26F-FE3C-40A7-AA0E-9C0681DB91CA}.Debug|Any CPU.Build.0 = Debug|Any CPU
		{0EC0A26F-FE3C-40A7-AA0E-9C0681DB91CA}.Release|Any CPU.ActiveCfg = Release|Any CPU
		{0EC0A26F-FE3C-40A7-AA0E-9C0681DB91CA}.Release|Any CPU.Build.0 = Release|Any CPU
		{AE12D0E9-F8FC-498F-9087-D62C5CF84845}.Debug|Any CPU.ActiveCfg = Debug|Any CPU
		{AE12D0E9-F8FC-498F-9087-D62C5CF84845}.Debug|Any CPU.Build.0 = Debug|Any CPU
		{AE12D0E9-F8FC-498F-9087-D62C5CF84845}.Release|Any CPU.ActiveCfg = Release|Any CPU
		{AE12D0E9-F8FC-498F-9087-D62C5CF84845}.Release|Any CPU.Build.0 = Release|Any CPU
		{0FAF49C4-1248-4D60-809B-DFE73C6E224E}.Debug|Any CPU.ActiveCfg = Debug|Any CPU
		{0FAF49C4-1248-4D60-809B-DFE73C6E224E}.Debug|Any CPU.Build.0 = Debug|Any CPU
		{0FAF49C4-1248-4D60-809B-DFE73C6E224E}.Release|Any CPU.ActiveCfg = Release|Any CPU
		{0FAF49C4-1248-4D60-809B-DFE73C6E224E}.Release|Any CPU.Build.0 = Release|Any CPU
	EndGlobalSection
	GlobalSection(SolutionProperties) = preSolution
		HideSolutionNode = FALSE
	EndGlobalSection
	GlobalSection(ExtensibilityGlobals) = postSolution
		SolutionGuid = {75761044-3AB2-4007-8152-56AF50AD625B}
	EndGlobalSection
EndGlobal
